
Microsoft Visual Studio Solution File, Format Version 12.00
# Visual Studio 15
VisualStudioVersion = 15.0.28307.489
MinimumVisualStudioVersion = 10.0.40219.1
Project("{8BC9CEB8-8B4A-11D0-8D11-00A0C91BC942}") = "Apple Catcher", "Apple Catcher\Apple Catcher.vcxproj", "{B867EFA9-3D63-4CF2-B417-54CFAEB72627}"
EndProject
Global
	GlobalSection(SolutionConfigurationPlatforms) = preSolution
		Debug|x64 = Debug|x64
		Debug|x86 = Debug|x86
		Release|x64 = Release|x64
		Release|x86 = Release|x86
	EndGlobalSection
	GlobalSection(ProjectConfigurationPlatforms) = postSolution
		{B867EFA9-3D63-4CF2-B417-54CFAEB72627}.Debug|x64.ActiveCfg = Debug|x64
		{B867EFA9-3D63-4CF2-B417-54CFAEB72627}.Debug|x64.Build.0 = Debug|x64
		{B867EFA9-3D63-4CF2-B417-54CFAEB72627}.Debug|x86.ActiveCfg = Debug|Win32
		{B867EFA9-3D63-4CF2-B417-54CFAEB72627}.Debug|x86.Build.0 = Debug|Win32
		{B867EFA9-3D63-4CF2-B417-54CFAEB72627}.Release|x64.ActiveCfg = Release|x64
		{B867EFA9-3D63-4CF2-B417-54CFAEB72627}.Release|x64.Build.0 = Release|x64
		{B867EFA9-3D63-4CF2-B417-54CFAEB72627}.Release|x86.ActiveCfg = Release|Win32
		{B867EFA9-3D63-4CF2-B417-54CFAEB72627}.Release|x86.Build.0 = Release|Win32
	EndGlobalSection
	GlobalSection(SolutionProperties) = preSolution
		HideSolutionNode = FALSE
	EndGlobalSection
	GlobalSection(ExtensibilityGlobals) = postSolution
		SolutionGuid = {E8990058-675F-47B6-9A59-04675F670027}
	EndGlobalSection
EndGlobal
